// !$*UTF8*$!
{
	archiveVersion = 1;
	classes = {
	};
	objectVersion = 56;
	objects = {

/* Begin PBXBuildFile section */
		4C01AF432B91AE920022BC73 /* HexagonParameters.swift in Sources */ = {isa = PBXBuildFile; fileRef = 4C01AF422B91AE920022BC73 /* HexagonParameters.swift */; };
		4C01AF452B91B0600022BC73 /* BadgeBackground.swift in Sources */ = {isa = PBXBuildFile; fileRef = 4C01AF442B91B0600022BC73 /* BadgeBackground.swift */; };
		4C01AF472B91BE3B0022BC73 /* BadgeSymbol.swift in Sources */ = {isa = PBXBuildFile; fileRef = 4C01AF462B91BE3B0022BC73 /* BadgeSymbol.swift */; };
		4C01AF492B91BF430022BC73 /* RotatedBadgeSymbol.swift in Sources */ = {isa = PBXBuildFile; fileRef = 4C01AF482B91BF430022BC73 /* RotatedBadgeSymbol.swift */; };
		4C01AF4B2B91C0070022BC73 /* Badge.swift in Sources */ = {isa = PBXBuildFile; fileRef = 4C01AF4A2B91C0070022BC73 /* Badge.swift */; };
<<<<<<< HEAD
		4C01AF5E2B971F580022BC73 /* CategoryHome.swift in Sources */ = {isa = PBXBuildFile; fileRef = 4C01AF5D2B971F580022BC73 /* CategoryHome.swift */; };
=======
		4C01AF4F2B91C4200022BC73 /* hikeData.json in Resources */ = {isa = PBXBuildFile; fileRef = 4C01AF4E2B91C4200022BC73 /* hikeData.json */; };
		4C01AF532B91C4D10022BC73 /* Hike.swift in Sources */ = {isa = PBXBuildFile; fileRef = 4C01AF522B91C4D10022BC73 /* Hike.swift */; };
		4C01AF592B91C53F0022BC73 /* GraphCapsule.swift in Sources */ = {isa = PBXBuildFile; fileRef = 4C01AF552B91C53F0022BC73 /* GraphCapsule.swift */; };
		4C01AF5A2B91C53F0022BC73 /* HikeGraph.swift in Sources */ = {isa = PBXBuildFile; fileRef = 4C01AF562B91C53F0022BC73 /* HikeGraph.swift */; };
		4C01AF5B2B91C53F0022BC73 /* HikeDetail.swift in Sources */ = {isa = PBXBuildFile; fileRef = 4C01AF572B91C53F0022BC73 /* HikeDetail.swift */; };
		4C01AF5C2B91C53F0022BC73 /* HikeView.swift in Sources */ = {isa = PBXBuildFile; fileRef = 4C01AF582B91C53F0022BC73 /* HikeView.swift */; };
>>>>>>> develop
		4C1B55682B834F9C00F492B1 /* CircleImage.swift in Sources */ = {isa = PBXBuildFile; fileRef = 4C1B55672B834F9C00F492B1 /* CircleImage.swift */; };
		4C1B556A2B835A4E00F492B1 /* MapView.swift in Sources */ = {isa = PBXBuildFile; fileRef = 4C1B55692B835A4E00F492B1 /* MapView.swift */; };
		4C1B556C2B858BEB00F492B1 /* landmarkData.json in Resources */ = {isa = PBXBuildFile; fileRef = 4C1B556B2B858BEB00F492B1 /* landmarkData.json */; };
		4C1B556E2B858C0900F492B1 /* Landmark.swift in Sources */ = {isa = PBXBuildFile; fileRef = 4C1B556D2B858C0900F492B1 /* Landmark.swift */; };
		4C1B55702B85945F00F492B1 /* ModelData.swift in Sources */ = {isa = PBXBuildFile; fileRef = 4C1B556F2B85945F00F492B1 /* ModelData.swift */; };
		4C1B55752B871A6500F492B1 /* LandmarkRow.swift in Sources */ = {isa = PBXBuildFile; fileRef = 4C1B55742B871A6500F492B1 /* LandmarkRow.swift */; };
		4C1B55772B87205600F492B1 /* LandmarkList.swift in Sources */ = {isa = PBXBuildFile; fileRef = 4C1B55762B87205600F492B1 /* LandmarkList.swift */; };
		4C1B55792B8725E900F492B1 /* LandmarkDetail.swift in Sources */ = {isa = PBXBuildFile; fileRef = 4C1B55782B8725E900F492B1 /* LandmarkDetail.swift */; };
		4C3551382B6C8D540034141C /* LandmarksApp.swift in Sources */ = {isa = PBXBuildFile; fileRef = 4C3551372B6C8D540034141C /* LandmarksApp.swift */; };
		4C35513A2B6C8D540034141C /* ContentView.swift in Sources */ = {isa = PBXBuildFile; fileRef = 4C3551392B6C8D540034141C /* ContentView.swift */; };
		4C35513C2B6C8D550034141C /* Assets.xcassets in Resources */ = {isa = PBXBuildFile; fileRef = 4C35513B2B6C8D550034141C /* Assets.xcassets */; };
		4C35513F2B6C8D550034141C /* Preview Assets.xcassets in Resources */ = {isa = PBXBuildFile; fileRef = 4C35513E2B6C8D550034141C /* Preview Assets.xcassets */; };
		4CD862102B9C4A0D002282BA /* GraphCapsule.swift in Sources */ = {isa = PBXBuildFile; fileRef = 4CD8620A2B9C4A0D002282BA /* GraphCapsule.swift */; };
		4CD862112B9C4A0D002282BA /* HikeDetail.swift in Sources */ = {isa = PBXBuildFile; fileRef = 4CD8620B2B9C4A0D002282BA /* HikeDetail.swift */; };
		4CD862122B9C4A0D002282BA /* HikeGraph.swift in Sources */ = {isa = PBXBuildFile; fileRef = 4CD8620C2B9C4A0D002282BA /* HikeGraph.swift */; };
		4CD862132B9C4A0D002282BA /* HikeView.swift in Sources */ = {isa = PBXBuildFile; fileRef = 4CD8620D2B9C4A0D002282BA /* HikeView.swift */; };
		4CD862142B9C4A0D002282BA /* hikeData.json in Resources */ = {isa = PBXBuildFile; fileRef = 4CD8620F2B9C4A0D002282BA /* hikeData.json */; };
/* End PBXBuildFile section */

/* Begin PBXFileReference section */
		4C01AF422B91AE920022BC73 /* HexagonParameters.swift */ = {isa = PBXFileReference; lastKnownFileType = sourcecode.swift; path = HexagonParameters.swift; sourceTree = "<group>"; };
		4C01AF442B91B0600022BC73 /* BadgeBackground.swift */ = {isa = PBXFileReference; lastKnownFileType = sourcecode.swift; path = BadgeBackground.swift; sourceTree = "<group>"; };
		4C01AF462B91BE3B0022BC73 /* BadgeSymbol.swift */ = {isa = PBXFileReference; lastKnownFileType = sourcecode.swift; path = BadgeSymbol.swift; sourceTree = "<group>"; };
		4C01AF482B91BF430022BC73 /* RotatedBadgeSymbol.swift */ = {isa = PBXFileReference; lastKnownFileType = sourcecode.swift; path = RotatedBadgeSymbol.swift; sourceTree = "<group>"; };
		4C01AF4A2B91C0070022BC73 /* Badge.swift */ = {isa = PBXFileReference; lastKnownFileType = sourcecode.swift; path = Badge.swift; sourceTree = "<group>"; };
<<<<<<< HEAD
		4C01AF5D2B971F580022BC73 /* CategoryHome.swift */ = {isa = PBXFileReference; lastKnownFileType = sourcecode.swift; path = CategoryHome.swift; sourceTree = "<group>"; };
=======
		4C01AF4E2B91C4200022BC73 /* hikeData.json */ = {isa = PBXFileReference; fileEncoding = 4; lastKnownFileType = text.json; path = hikeData.json; sourceTree = "<group>"; };
		4C01AF522B91C4D10022BC73 /* Hike.swift */ = {isa = PBXFileReference; lastKnownFileType = sourcecode.swift; path = Hike.swift; sourceTree = "<group>"; };
		4C01AF552B91C53F0022BC73 /* GraphCapsule.swift */ = {isa = PBXFileReference; fileEncoding = 4; lastKnownFileType = sourcecode.swift; path = GraphCapsule.swift; sourceTree = "<group>"; };
		4C01AF562B91C53F0022BC73 /* HikeGraph.swift */ = {isa = PBXFileReference; fileEncoding = 4; lastKnownFileType = sourcecode.swift; path = HikeGraph.swift; sourceTree = "<group>"; };
		4C01AF572B91C53F0022BC73 /* HikeDetail.swift */ = {isa = PBXFileReference; fileEncoding = 4; lastKnownFileType = sourcecode.swift; path = HikeDetail.swift; sourceTree = "<group>"; };
		4C01AF582B91C53F0022BC73 /* HikeView.swift */ = {isa = PBXFileReference; fileEncoding = 4; lastKnownFileType = sourcecode.swift; path = HikeView.swift; sourceTree = "<group>"; };
>>>>>>> develop
		4C1B55672B834F9C00F492B1 /* CircleImage.swift */ = {isa = PBXFileReference; lastKnownFileType = sourcecode.swift; path = CircleImage.swift; sourceTree = "<group>"; };
		4C1B55692B835A4E00F492B1 /* MapView.swift */ = {isa = PBXFileReference; lastKnownFileType = sourcecode.swift; path = MapView.swift; sourceTree = "<group>"; };
		4C1B556B2B858BEB00F492B1 /* landmarkData.json */ = {isa = PBXFileReference; fileEncoding = 4; lastKnownFileType = text.json; path = landmarkData.json; sourceTree = "<group>"; };
		4C1B556D2B858C0900F492B1 /* Landmark.swift */ = {isa = PBXFileReference; lastKnownFileType = sourcecode.swift; path = Landmark.swift; sourceTree = "<group>"; };
		4C1B556F2B85945F00F492B1 /* ModelData.swift */ = {isa = PBXFileReference; lastKnownFileType = sourcecode.swift; path = ModelData.swift; sourceTree = "<group>"; };
		4C1B55742B871A6500F492B1 /* LandmarkRow.swift */ = {isa = PBXFileReference; lastKnownFileType = sourcecode.swift; path = LandmarkRow.swift; sourceTree = "<group>"; };
		4C1B55762B87205600F492B1 /* LandmarkList.swift */ = {isa = PBXFileReference; lastKnownFileType = sourcecode.swift; path = LandmarkList.swift; sourceTree = "<group>"; };
		4C1B55782B8725E900F492B1 /* LandmarkDetail.swift */ = {isa = PBXFileReference; lastKnownFileType = sourcecode.swift; path = LandmarkDetail.swift; sourceTree = "<group>"; };
		4C3551342B6C8D540034141C /* Landmarks.app */ = {isa = PBXFileReference; explicitFileType = wrapper.application; includeInIndex = 0; path = Landmarks.app; sourceTree = BUILT_PRODUCTS_DIR; };
		4C3551372B6C8D540034141C /* LandmarksApp.swift */ = {isa = PBXFileReference; lastKnownFileType = sourcecode.swift; path = LandmarksApp.swift; sourceTree = "<group>"; };
		4C3551392B6C8D540034141C /* ContentView.swift */ = {isa = PBXFileReference; lastKnownFileType = sourcecode.swift; path = ContentView.swift; sourceTree = "<group>"; };
		4C35513B2B6C8D550034141C /* Assets.xcassets */ = {isa = PBXFileReference; lastKnownFileType = folder.assetcatalog; path = Assets.xcassets; sourceTree = "<group>"; };
		4C35513E2B6C8D550034141C /* Preview Assets.xcassets */ = {isa = PBXFileReference; lastKnownFileType = folder.assetcatalog; path = "Preview Assets.xcassets"; sourceTree = "<group>"; };
		4CD8620A2B9C4A0D002282BA /* GraphCapsule.swift */ = {isa = PBXFileReference; fileEncoding = 4; lastKnownFileType = sourcecode.swift; path = GraphCapsule.swift; sourceTree = "<group>"; };
		4CD8620B2B9C4A0D002282BA /* HikeDetail.swift */ = {isa = PBXFileReference; fileEncoding = 4; lastKnownFileType = sourcecode.swift; path = HikeDetail.swift; sourceTree = "<group>"; };
		4CD8620C2B9C4A0D002282BA /* HikeGraph.swift */ = {isa = PBXFileReference; fileEncoding = 4; lastKnownFileType = sourcecode.swift; path = HikeGraph.swift; sourceTree = "<group>"; };
		4CD8620D2B9C4A0D002282BA /* HikeView.swift */ = {isa = PBXFileReference; fileEncoding = 4; lastKnownFileType = sourcecode.swift; path = HikeView.swift; sourceTree = "<group>"; };
		4CD8620F2B9C4A0D002282BA /* hikeData.json */ = {isa = PBXFileReference; fileEncoding = 4; lastKnownFileType = text.json; path = hikeData.json; sourceTree = "<group>"; };
/* End PBXFileReference section */

/* Begin PBXFrameworksBuildPhase section */
		4C3551312B6C8D540034141C /* Frameworks */ = {
			isa = PBXFrameworksBuildPhase;
			buildActionMask = 2147483647;
			files = (
			);
			runOnlyForDeploymentPostprocessing = 0;
		};
/* End PBXFrameworksBuildPhase section */

/* Begin PBXGroup section */
		4C01AF4C2B91C22B0022BC73 /* Badges */ = {
			isa = PBXGroup;
			children = (
				4C01AF4A2B91C0070022BC73 /* Badge.swift */,
				4C01AF442B91B0600022BC73 /* BadgeBackground.swift */,
				4C01AF462B91BE3B0022BC73 /* BadgeSymbol.swift */,
				4C01AF482B91BF430022BC73 /* RotatedBadgeSymbol.swift */,
				4C01AF422B91AE920022BC73 /* HexagonParameters.swift */,
			);
			path = Badges;
			sourceTree = "<group>";
		};
		4C01AF4D2B91C26A0022BC73 /* Landmarks */ = {
			isa = PBXGroup;
			children = (
				4C1B55672B834F9C00F492B1 /* CircleImage.swift */,
				4C1B55692B835A4E00F492B1 /* MapView.swift */,
				4C1B55742B871A6500F492B1 /* LandmarkRow.swift */,
				4C1B55762B87205600F492B1 /* LandmarkList.swift */,
				4C1B55782B8725E900F492B1 /* LandmarkDetail.swift */,
			);
			path = Landmarks;
			sourceTree = "<group>";
		};
<<<<<<< HEAD
		4C01AF5F2B971F5C0022BC73 /* Categories */ = {
			isa = PBXGroup;
			children = (
				4C01AF5D2B971F580022BC73 /* CategoryHome.swift */,
			);
			path = Categories;
=======
		4C01AF542B91C53F0022BC73 /* Hikes */ = {
			isa = PBXGroup;
			children = (
				4C01AF552B91C53F0022BC73 /* GraphCapsule.swift */,
				4C01AF562B91C53F0022BC73 /* HikeGraph.swift */,
				4C01AF572B91C53F0022BC73 /* HikeDetail.swift */,
				4C01AF582B91C53F0022BC73 /* HikeView.swift */,
			);
			path = Hikes;
>>>>>>> develop
			sourceTree = "<group>";
		};
		4C1B55712B871A0500F492B1 /* Views */ = {
			isa = PBXGroup;
			children = (
				4C01AF542B91C53F0022BC73 /* Hikes */,
				4C01AF522B91C4D10022BC73 /* Hike.swift */,
				4C3551392B6C8D540034141C /* ContentView.swift */,
				4C01AF5F2B971F5C0022BC73 /* Categories */,
				4C01AF4C2B91C22B0022BC73 /* Badges */,
				4C01AF4D2B91C26A0022BC73 /* Landmarks */,
			);
			path = Views;
			sourceTree = "<group>";
		};
		4C1B55722B871A1B00F492B1 /* Model */ = {
			isa = PBXGroup;
			children = (
				4C1B556D2B858C0900F492B1 /* Landmark.swift */,
				4C1B556F2B85945F00F492B1 /* ModelData.swift */,
			);
			path = Model;
			sourceTree = "<group>";
		};
		4C1B55732B871A3700F492B1 /* Resources */ = {
			isa = PBXGroup;
			children = (
				4C01AF4E2B91C4200022BC73 /* hikeData.json */,
				4C1B556B2B858BEB00F492B1 /* landmarkData.json */,
			);
			path = Resources;
			sourceTree = "<group>";
		};
		4C35512B2B6C8D540034141C = {
			isa = PBXGroup;
			children = (
				4C3551362B6C8D540034141C /* Landmarks */,
				4C3551352B6C8D540034141C /* Products */,
			);
			sourceTree = "<group>";
		};
		4C3551352B6C8D540034141C /* Products */ = {
			isa = PBXGroup;
			children = (
				4C3551342B6C8D540034141C /* Landmarks.app */,
			);
			name = Products;
			sourceTree = "<group>";
		};
		4C3551362B6C8D540034141C /* Landmarks */ = {
			isa = PBXGroup;
			children = (
				4C3551372B6C8D540034141C /* LandmarksApp.swift */,
				4CD8620F2B9C4A0D002282BA /* hikeData.json */,
				4CD8620E2B9C4A0D002282BA /* Hikes */,
				4C1B55732B871A3700F492B1 /* Resources */,
				4C1B55722B871A1B00F492B1 /* Model */,
				4C1B55712B871A0500F492B1 /* Views */,
				4C35513B2B6C8D550034141C /* Assets.xcassets */,
				4C35513D2B6C8D550034141C /* Preview Content */,
			);
			path = Landmarks;
			sourceTree = "<group>";
		};
		4C35513D2B6C8D550034141C /* Preview Content */ = {
			isa = PBXGroup;
			children = (
				4C35513E2B6C8D550034141C /* Preview Assets.xcassets */,
			);
			path = "Preview Content";
			sourceTree = "<group>";
		};
		4CD8620E2B9C4A0D002282BA /* Hikes */ = {
			isa = PBXGroup;
			children = (
				4CD8620A2B9C4A0D002282BA /* GraphCapsule.swift */,
				4CD8620B2B9C4A0D002282BA /* HikeDetail.swift */,
				4CD8620C2B9C4A0D002282BA /* HikeGraph.swift */,
				4CD8620D2B9C4A0D002282BA /* HikeView.swift */,
			);
			path = Hikes;
			sourceTree = "<group>";
		};
/* End PBXGroup section */

/* Begin PBXNativeTarget section */
		4C3551332B6C8D540034141C /* Landmarks */ = {
			isa = PBXNativeTarget;
			buildConfigurationList = 4C3551422B6C8D550034141C /* Build configuration list for PBXNativeTarget "Landmarks" */;
			buildPhases = (
				4C3551302B6C8D540034141C /* Sources */,
				4C3551312B6C8D540034141C /* Frameworks */,
				4C3551322B6C8D540034141C /* Resources */,
			);
			buildRules = (
			);
			dependencies = (
			);
			name = Landmarks;
			productName = Landmarks;
			productReference = 4C3551342B6C8D540034141C /* Landmarks.app */;
			productType = "com.apple.product-type.application";
		};
/* End PBXNativeTarget section */

/* Begin PBXProject section */
		4C35512C2B6C8D540034141C /* Project object */ = {
			isa = PBXProject;
			attributes = {
				BuildIndependentTargetsInParallel = 1;
				LastSwiftUpdateCheck = 1520;
				LastUpgradeCheck = 1520;
				TargetAttributes = {
					4C3551332B6C8D540034141C = {
						CreatedOnToolsVersion = 15.2;
					};
				};
			};
			buildConfigurationList = 4C35512F2B6C8D540034141C /* Build configuration list for PBXProject "Landmarks" */;
			compatibilityVersion = "Xcode 14.0";
			developmentRegion = en;
			hasScannedForEncodings = 0;
			knownRegions = (
				en,
				Base,
			);
			mainGroup = 4C35512B2B6C8D540034141C;
			productRefGroup = 4C3551352B6C8D540034141C /* Products */;
			projectDirPath = "";
			projectRoot = "";
			targets = (
				4C3551332B6C8D540034141C /* Landmarks */,
			);
		};
/* End PBXProject section */

/* Begin PBXResourcesBuildPhase section */
		4C3551322B6C8D540034141C /* Resources */ = {
			isa = PBXResourcesBuildPhase;
			buildActionMask = 2147483647;
			files = (
<<<<<<< HEAD
				4CD862142B9C4A0D002282BA /* hikeData.json in Resources */,
=======
				4C01AF4F2B91C4200022BC73 /* hikeData.json in Resources */,
>>>>>>> develop
				4C35513F2B6C8D550034141C /* Preview Assets.xcassets in Resources */,
				4C35513C2B6C8D550034141C /* Assets.xcassets in Resources */,
				4C1B556C2B858BEB00F492B1 /* landmarkData.json in Resources */,
			);
			runOnlyForDeploymentPostprocessing = 0;
		};
/* End PBXResourcesBuildPhase section */

/* Begin PBXSourcesBuildPhase section */
		4C3551302B6C8D540034141C /* Sources */ = {
			isa = PBXSourcesBuildPhase;
			buildActionMask = 2147483647;
			files = (
				4C01AF532B91C4D10022BC73 /* Hike.swift in Sources */,
				4C01AF432B91AE920022BC73 /* HexagonParameters.swift in Sources */,
				4CD862122B9C4A0D002282BA /* HikeGraph.swift in Sources */,
				4C35513A2B6C8D540034141C /* ContentView.swift in Sources */,
				4C1B556A2B835A4E00F492B1 /* MapView.swift in Sources */,
<<<<<<< HEAD
				4CD862132B9C4A0D002282BA /* HikeView.swift in Sources */,
=======
				4C01AF5C2B91C53F0022BC73 /* HikeView.swift in Sources */,
>>>>>>> develop
				4C3551382B6C8D540034141C /* LandmarksApp.swift in Sources */,
				4C01AF5E2B971F580022BC73 /* CategoryHome.swift in Sources */,
				4C1B55772B87205600F492B1 /* LandmarkList.swift in Sources */,
				4C01AF472B91BE3B0022BC73 /* BadgeSymbol.swift in Sources */,
				4C1B55792B8725E900F492B1 /* LandmarkDetail.swift in Sources */,
				4CD862112B9C4A0D002282BA /* HikeDetail.swift in Sources */,
				4C01AF4B2B91C0070022BC73 /* Badge.swift in Sources */,
				4C01AF452B91B0600022BC73 /* BadgeBackground.swift in Sources */,
				4C1B55682B834F9C00F492B1 /* CircleImage.swift in Sources */,
				4C01AF5B2B91C53F0022BC73 /* HikeDetail.swift in Sources */,
				4C1B556E2B858C0900F492B1 /* Landmark.swift in Sources */,
<<<<<<< HEAD
				4CD862102B9C4A0D002282BA /* GraphCapsule.swift in Sources */,
=======
				4C01AF592B91C53F0022BC73 /* GraphCapsule.swift in Sources */,
>>>>>>> develop
				4C01AF492B91BF430022BC73 /* RotatedBadgeSymbol.swift in Sources */,
				4C1B55752B871A6500F492B1 /* LandmarkRow.swift in Sources */,
				4C1B55702B85945F00F492B1 /* ModelData.swift in Sources */,
				4C01AF5A2B91C53F0022BC73 /* HikeGraph.swift in Sources */,
			);
			runOnlyForDeploymentPostprocessing = 0;
		};
/* End PBXSourcesBuildPhase section */

/* Begin XCBuildConfiguration section */
		4C3551402B6C8D550034141C /* Debug */ = {
			isa = XCBuildConfiguration;
			buildSettings = {
				ALWAYS_SEARCH_USER_PATHS = NO;
				ASSETCATALOG_COMPILER_GENERATE_SWIFT_ASSET_SYMBOL_EXTENSIONS = YES;
				CLANG_ANALYZER_NONNULL = YES;
				CLANG_ANALYZER_NUMBER_OBJECT_CONVERSION = YES_AGGRESSIVE;
				CLANG_CXX_LANGUAGE_STANDARD = "gnu++20";
				CLANG_ENABLE_MODULES = YES;
				CLANG_ENABLE_OBJC_ARC = YES;
				CLANG_ENABLE_OBJC_WEAK = YES;
				CLANG_WARN_BLOCK_CAPTURE_AUTORELEASING = YES;
				CLANG_WARN_BOOL_CONVERSION = YES;
				CLANG_WARN_COMMA = YES;
				CLANG_WARN_CONSTANT_CONVERSION = YES;
				CLANG_WARN_DEPRECATED_OBJC_IMPLEMENTATIONS = YES;
				CLANG_WARN_DIRECT_OBJC_ISA_USAGE = YES_ERROR;
				CLANG_WARN_DOCUMENTATION_COMMENTS = YES;
				CLANG_WARN_EMPTY_BODY = YES;
				CLANG_WARN_ENUM_CONVERSION = YES;
				CLANG_WARN_INFINITE_RECURSION = YES;
				CLANG_WARN_INT_CONVERSION = YES;
				CLANG_WARN_NON_LITERAL_NULL_CONVERSION = YES;
				CLANG_WARN_OBJC_IMPLICIT_RETAIN_SELF = YES;
				CLANG_WARN_OBJC_LITERAL_CONVERSION = YES;
				CLANG_WARN_OBJC_ROOT_CLASS = YES_ERROR;
				CLANG_WARN_QUOTED_INCLUDE_IN_FRAMEWORK_HEADER = YES;
				CLANG_WARN_RANGE_LOOP_ANALYSIS = YES;
				CLANG_WARN_STRICT_PROTOTYPES = YES;
				CLANG_WARN_SUSPICIOUS_MOVE = YES;
				CLANG_WARN_UNGUARDED_AVAILABILITY = YES_AGGRESSIVE;
				CLANG_WARN_UNREACHABLE_CODE = YES;
				CLANG_WARN__DUPLICATE_METHOD_MATCH = YES;
				COPY_PHASE_STRIP = NO;
				DEBUG_INFORMATION_FORMAT = dwarf;
				ENABLE_STRICT_OBJC_MSGSEND = YES;
				ENABLE_TESTABILITY = YES;
				ENABLE_USER_SCRIPT_SANDBOXING = YES;
				GCC_C_LANGUAGE_STANDARD = gnu17;
				GCC_DYNAMIC_NO_PIC = NO;
				GCC_NO_COMMON_BLOCKS = YES;
				GCC_OPTIMIZATION_LEVEL = 0;
				GCC_PREPROCESSOR_DEFINITIONS = (
					"DEBUG=1",
					"$(inherited)",
				);
				GCC_WARN_64_TO_32_BIT_CONVERSION = YES;
				GCC_WARN_ABOUT_RETURN_TYPE = YES_ERROR;
				GCC_WARN_UNDECLARED_SELECTOR = YES;
				GCC_WARN_UNINITIALIZED_AUTOS = YES_AGGRESSIVE;
				GCC_WARN_UNUSED_FUNCTION = YES;
				GCC_WARN_UNUSED_VARIABLE = YES;
				IPHONEOS_DEPLOYMENT_TARGET = 17.2;
				LOCALIZATION_PREFERS_STRING_CATALOGS = YES;
				MTL_ENABLE_DEBUG_INFO = INCLUDE_SOURCE;
				MTL_FAST_MATH = YES;
				ONLY_ACTIVE_ARCH = YES;
				SDKROOT = iphoneos;
				SWIFT_ACTIVE_COMPILATION_CONDITIONS = "DEBUG $(inherited)";
				SWIFT_OPTIMIZATION_LEVEL = "-Onone";
			};
			name = Debug;
		};
		4C3551412B6C8D550034141C /* Release */ = {
			isa = XCBuildConfiguration;
			buildSettings = {
				ALWAYS_SEARCH_USER_PATHS = NO;
				ASSETCATALOG_COMPILER_GENERATE_SWIFT_ASSET_SYMBOL_EXTENSIONS = YES;
				CLANG_ANALYZER_NONNULL = YES;
				CLANG_ANALYZER_NUMBER_OBJECT_CONVERSION = YES_AGGRESSIVE;
				CLANG_CXX_LANGUAGE_STANDARD = "gnu++20";
				CLANG_ENABLE_MODULES = YES;
				CLANG_ENABLE_OBJC_ARC = YES;
				CLANG_ENABLE_OBJC_WEAK = YES;
				CLANG_WARN_BLOCK_CAPTURE_AUTORELEASING = YES;
				CLANG_WARN_BOOL_CONVERSION = YES;
				CLANG_WARN_COMMA = YES;
				CLANG_WARN_CONSTANT_CONVERSION = YES;
				CLANG_WARN_DEPRECATED_OBJC_IMPLEMENTATIONS = YES;
				CLANG_WARN_DIRECT_OBJC_ISA_USAGE = YES_ERROR;
				CLANG_WARN_DOCUMENTATION_COMMENTS = YES;
				CLANG_WARN_EMPTY_BODY = YES;
				CLANG_WARN_ENUM_CONVERSION = YES;
				CLANG_WARN_INFINITE_RECURSION = YES;
				CLANG_WARN_INT_CONVERSION = YES;
				CLANG_WARN_NON_LITERAL_NULL_CONVERSION = YES;
				CLANG_WARN_OBJC_IMPLICIT_RETAIN_SELF = YES;
				CLANG_WARN_OBJC_LITERAL_CONVERSION = YES;
				CLANG_WARN_OBJC_ROOT_CLASS = YES_ERROR;
				CLANG_WARN_QUOTED_INCLUDE_IN_FRAMEWORK_HEADER = YES;
				CLANG_WARN_RANGE_LOOP_ANALYSIS = YES;
				CLANG_WARN_STRICT_PROTOTYPES = YES;
				CLANG_WARN_SUSPICIOUS_MOVE = YES;
				CLANG_WARN_UNGUARDED_AVAILABILITY = YES_AGGRESSIVE;
				CLANG_WARN_UNREACHABLE_CODE = YES;
				CLANG_WARN__DUPLICATE_METHOD_MATCH = YES;
				COPY_PHASE_STRIP = NO;
				DEBUG_INFORMATION_FORMAT = "dwarf-with-dsym";
				ENABLE_NS_ASSERTIONS = NO;
				ENABLE_STRICT_OBJC_MSGSEND = YES;
				ENABLE_USER_SCRIPT_SANDBOXING = YES;
				GCC_C_LANGUAGE_STANDARD = gnu17;
				GCC_NO_COMMON_BLOCKS = YES;
				GCC_WARN_64_TO_32_BIT_CONVERSION = YES;
				GCC_WARN_ABOUT_RETURN_TYPE = YES_ERROR;
				GCC_WARN_UNDECLARED_SELECTOR = YES;
				GCC_WARN_UNINITIALIZED_AUTOS = YES_AGGRESSIVE;
				GCC_WARN_UNUSED_FUNCTION = YES;
				GCC_WARN_UNUSED_VARIABLE = YES;
				IPHONEOS_DEPLOYMENT_TARGET = 17.2;
				LOCALIZATION_PREFERS_STRING_CATALOGS = YES;
				MTL_ENABLE_DEBUG_INFO = NO;
				MTL_FAST_MATH = YES;
				SDKROOT = iphoneos;
				SWIFT_COMPILATION_MODE = wholemodule;
				VALIDATE_PRODUCT = YES;
			};
			name = Release;
		};
		4C3551432B6C8D550034141C /* Debug */ = {
			isa = XCBuildConfiguration;
			buildSettings = {
				ASSETCATALOG_COMPILER_APPICON_NAME = AppIcon;
				ASSETCATALOG_COMPILER_GLOBAL_ACCENT_COLOR_NAME = AccentColor;
				CODE_SIGN_STYLE = Automatic;
				CURRENT_PROJECT_VERSION = 1;
				DEVELOPMENT_ASSET_PATHS = "\"Landmarks/Preview Content\"";
				DEVELOPMENT_TEAM = GHALQMBJDJ;
				ENABLE_PREVIEWS = YES;
				GENERATE_INFOPLIST_FILE = YES;
				INFOPLIST_KEY_UIApplicationSceneManifest_Generation = YES;
				INFOPLIST_KEY_UIApplicationSupportsIndirectInputEvents = YES;
				INFOPLIST_KEY_UILaunchScreen_Generation = YES;
				INFOPLIST_KEY_UISupportedInterfaceOrientations_iPad = "UIInterfaceOrientationPortrait UIInterfaceOrientationPortraitUpsideDown UIInterfaceOrientationLandscapeLeft UIInterfaceOrientationLandscapeRight";
				INFOPLIST_KEY_UISupportedInterfaceOrientations_iPhone = "UIInterfaceOrientationPortrait UIInterfaceOrientationLandscapeLeft UIInterfaceOrientationLandscapeRight";
				LD_RUNPATH_SEARCH_PATHS = (
					"$(inherited)",
					"@executable_path/Frameworks",
				);
				MARKETING_VERSION = 1.0;
				PRODUCT_BUNDLE_IDENTIFIER = com.nanosuke.Landmarks;
				PRODUCT_NAME = "$(TARGET_NAME)";
				SWIFT_EMIT_LOC_STRINGS = YES;
				SWIFT_VERSION = 5.0;
				TARGETED_DEVICE_FAMILY = "1,2";
			};
			name = Debug;
		};
		4C3551442B6C8D550034141C /* Release */ = {
			isa = XCBuildConfiguration;
			buildSettings = {
				ASSETCATALOG_COMPILER_APPICON_NAME = AppIcon;
				ASSETCATALOG_COMPILER_GLOBAL_ACCENT_COLOR_NAME = AccentColor;
				CODE_SIGN_STYLE = Automatic;
				CURRENT_PROJECT_VERSION = 1;
				DEVELOPMENT_ASSET_PATHS = "\"Landmarks/Preview Content\"";
				DEVELOPMENT_TEAM = GHALQMBJDJ;
				ENABLE_PREVIEWS = YES;
				GENERATE_INFOPLIST_FILE = YES;
				INFOPLIST_KEY_UIApplicationSceneManifest_Generation = YES;
				INFOPLIST_KEY_UIApplicationSupportsIndirectInputEvents = YES;
				INFOPLIST_KEY_UILaunchScreen_Generation = YES;
				INFOPLIST_KEY_UISupportedInterfaceOrientations_iPad = "UIInterfaceOrientationPortrait UIInterfaceOrientationPortraitUpsideDown UIInterfaceOrientationLandscapeLeft UIInterfaceOrientationLandscapeRight";
				INFOPLIST_KEY_UISupportedInterfaceOrientations_iPhone = "UIInterfaceOrientationPortrait UIInterfaceOrientationLandscapeLeft UIInterfaceOrientationLandscapeRight";
				LD_RUNPATH_SEARCH_PATHS = (
					"$(inherited)",
					"@executable_path/Frameworks",
				);
				MARKETING_VERSION = 1.0;
				PRODUCT_BUNDLE_IDENTIFIER = com.nanosuke.Landmarks;
				PRODUCT_NAME = "$(TARGET_NAME)";
				SWIFT_EMIT_LOC_STRINGS = YES;
				SWIFT_VERSION = 5.0;
				TARGETED_DEVICE_FAMILY = "1,2";
			};
			name = Release;
		};
/* End XCBuildConfiguration section */

/* Begin XCConfigurationList section */
		4C35512F2B6C8D540034141C /* Build configuration list for PBXProject "Landmarks" */ = {
			isa = XCConfigurationList;
			buildConfigurations = (
				4C3551402B6C8D550034141C /* Debug */,
				4C3551412B6C8D550034141C /* Release */,
			);
			defaultConfigurationIsVisible = 0;
			defaultConfigurationName = Release;
		};
		4C3551422B6C8D550034141C /* Build configuration list for PBXNativeTarget "Landmarks" */ = {
			isa = XCConfigurationList;
			buildConfigurations = (
				4C3551432B6C8D550034141C /* Debug */,
				4C3551442B6C8D550034141C /* Release */,
			);
			defaultConfigurationIsVisible = 0;
			defaultConfigurationName = Release;
		};
/* End XCConfigurationList section */
	};
	rootObject = 4C35512C2B6C8D540034141C /* Project object */;
}
