// !$*UTF8*$!
{
	archiveVersion = 1;
	classes = {
	};
	objectVersion = 56;
	objects = {

/* Begin PBXBuildFile section */
		4C9EFA782A0DAFF2004B5DC2 /* FavoriteButton.swift in Sources */ = {isa = PBXBuildFile; fileRef = 4C9EFA772A0DAFF2004B5DC2 /* FavoriteButton.swift */; };
		4C9EFA7C2A0DB489004B5DC2 /* HexagonParameters.swift in Sources */ = {isa = PBXBuildFile; fileRef = 4C9EFA7B2A0DB489004B5DC2 /* HexagonParameters.swift */; };
		4C9EFA7E2A0DB60E004B5DC2 /* BadgeBackground.swift in Sources */ = {isa = PBXBuildFile; fileRef = 4C9EFA7D2A0DB60E004B5DC2 /* BadgeBackground.swift */; };
		4C9EFA802A0DBE3A004B5DC2 /* BadgeSymbol.swift in Sources */ = {isa = PBXBuildFile; fileRef = 4C9EFA7F2A0DBE39004B5DC2 /* BadgeSymbol.swift */; };
		4C9EFA822A0DBEA5004B5DC2 /* RotatedBadgeSymbol.swift in Sources */ = {isa = PBXBuildFile; fileRef = 4C9EFA812A0DBEA5004B5DC2 /* RotatedBadgeSymbol.swift */; };
		4C9EFA842A0DBF00004B5DC2 /* Badge.swift in Sources */ = {isa = PBXBuildFile; fileRef = 4C9EFA832A0DBF00004B5DC2 /* Badge.swift */; };
		4C9EFA872A0DC03F004B5DC2 /* hikeData.json in Resources */ = {isa = PBXBuildFile; fileRef = 4C9EFA862A0DC03F004B5DC2 /* hikeData.json */; };
		4C9EFA8A2A0DC076004B5DC2 /* Hike.swift in Sources */ = {isa = PBXBuildFile; fileRef = 4C9EFA892A0DC076004B5DC2 /* Hike.swift */; };
		4C9EFA922A0DC14E004B5DC2 /* GraphCapsule.swift in Sources */ = {isa = PBXBuildFile; fileRef = 4C9EFA8E2A0DC14E004B5DC2 /* GraphCapsule.swift */; };
		4C9EFA932A0DC14E004B5DC2 /* HikeGraph.swift in Sources */ = {isa = PBXBuildFile; fileRef = 4C9EFA8F2A0DC14E004B5DC2 /* HikeGraph.swift */; };
		4C9EFA942A0DC14E004B5DC2 /* HikeDetail.swift in Sources */ = {isa = PBXBuildFile; fileRef = 4C9EFA902A0DC14E004B5DC2 /* HikeDetail.swift */; };
		4C9EFA952A0DC14E004B5DC2 /* HikeView.swift in Sources */ = {isa = PBXBuildFile; fileRef = 4C9EFA912A0DC14E004B5DC2 /* HikeView.swift */; };
		4C9EFA972A0DCB0B004B5DC2 /* CategoryHome.swift in Sources */ = {isa = PBXBuildFile; fileRef = 4C9EFA962A0DCB0B004B5DC2 /* CategoryHome.swift */; };
		4C9EFA9A2A0F76AE004B5DC2 /* CategoryRow.swift in Sources */ = {isa = PBXBuildFile; fileRef = 4C9EFA992A0F76AE004B5DC2 /* CategoryRow.swift */; };
		4C9EFA9C2A0F7793004B5DC2 /* CategoryItem.swift in Sources */ = {isa = PBXBuildFile; fileRef = 4C9EFA9B2A0F7793004B5DC2 /* CategoryItem.swift */; };
		95081655294CB9F100E350BE /* LandmarksApp.swift in Sources */ = {isa = PBXBuildFile; fileRef = 95081654294CB9F100E350BE /* LandmarksApp.swift */; };
		95081657294CB9F100E350BE /* ContentView.swift in Sources */ = {isa = PBXBuildFile; fileRef = 95081656294CB9F100E350BE /* ContentView.swift */; };
		95081659294CB9F300E350BE /* Assets.xcassets in Resources */ = {isa = PBXBuildFile; fileRef = 95081658294CB9F300E350BE /* Assets.xcassets */; };
		9508165C294CB9F300E350BE /* Preview Assets.xcassets in Resources */ = {isa = PBXBuildFile; fileRef = 9508165B294CB9F300E350BE /* Preview Assets.xcassets */; };
		956152A9294CBDA700D857A1 /* CircleImage.swift in Sources */ = {isa = PBXBuildFile; fileRef = 956152A8294CBDA700D857A1 /* CircleImage.swift */; };
		956152AB294CBE7700D857A1 /* MapView.swift in Sources */ = {isa = PBXBuildFile; fileRef = 956152AA294CBE7700D857A1 /* MapView.swift */; };
		956152AD294CC61300D857A1 /* landmarkData.json in Resources */ = {isa = PBXBuildFile; fileRef = 956152AC294CC61300D857A1 /* landmarkData.json */; };
		956152AF294CC62A00D857A1 /* Landmark.swift in Sources */ = {isa = PBXBuildFile; fileRef = 956152AE294CC62A00D857A1 /* Landmark.swift */; };
		956152BB294CC76800D857A1 /* hiddenlake@2x.jpg in Resources */ = {isa = PBXBuildFile; fileRef = 956152B0294CC76500D857A1 /* hiddenlake@2x.jpg */; };
		956152BC294CC76800D857A1 /* rainbowlake@2x.jpg in Resources */ = {isa = PBXBuildFile; fileRef = 956152B1294CC76600D857A1 /* rainbowlake@2x.jpg */; };
		956152BD294CC76800D857A1 /* icybay@2x.jpg in Resources */ = {isa = PBXBuildFile; fileRef = 956152B2294CC76600D857A1 /* icybay@2x.jpg */; };
		956152BE294CC76800D857A1 /* stmarylake@2x.jpg in Resources */ = {isa = PBXBuildFile; fileRef = 956152B3294CC76600D857A1 /* stmarylake@2x.jpg */; };
		956152BF294CC76800D857A1 /* twinlake@2x.jpg in Resources */ = {isa = PBXBuildFile; fileRef = 956152B4294CC76600D857A1 /* twinlake@2x.jpg */; };
		956152C0294CC76800D857A1 /* chincoteague@2x.jpg in Resources */ = {isa = PBXBuildFile; fileRef = 956152B5294CC76600D857A1 /* chincoteague@2x.jpg */; };
		956152C1294CC76800D857A1 /* lakemcdonald@2x.jpg in Resources */ = {isa = PBXBuildFile; fileRef = 956152B6294CC76700D857A1 /* lakemcdonald@2x.jpg */; };
		956152C2294CC76800D857A1 /* silversalmoncreek@2x.jpg in Resources */ = {isa = PBXBuildFile; fileRef = 956152B7294CC76700D857A1 /* silversalmoncreek@2x.jpg */; };
		956152C3294CC76800D857A1 /* chilkoottrail@2x.jpg in Resources */ = {isa = PBXBuildFile; fileRef = 956152B8294CC76700D857A1 /* chilkoottrail@2x.jpg */; };
		956152C4294CC76800D857A1 /* umbagog@2x.jpg in Resources */ = {isa = PBXBuildFile; fileRef = 956152B9294CC76700D857A1 /* umbagog@2x.jpg */; };
		956152C5294CC76800D857A1 /* charleyrivers@2x.jpg in Resources */ = {isa = PBXBuildFile; fileRef = 956152BA294CC76800D857A1 /* charleyrivers@2x.jpg */; };
		956152C7294CC96700D857A1 /* ModelData.swift in Sources */ = {isa = PBXBuildFile; fileRef = 956152C6294CC96700D857A1 /* ModelData.swift */; };
		956152CC294CCC3900D857A1 /* LandmarkRow.swift in Sources */ = {isa = PBXBuildFile; fileRef = 956152CB294CCC3900D857A1 /* LandmarkRow.swift */; };
		959D9293294D701600C19CEC /* LandmarkList.swift in Sources */ = {isa = PBXBuildFile; fileRef = 959D9292294D701600C19CEC /* LandmarkList.swift */; };
		959D9295294D71ED00C19CEC /* LandmarkDetail.swift in Sources */ = {isa = PBXBuildFile; fileRef = 959D9294294D71ED00C19CEC /* LandmarkDetail.swift */; };
/* End PBXBuildFile section */

/* Begin PBXFileReference section */
		4C9EFA772A0DAFF2004B5DC2 /* FavoriteButton.swift */ = {isa = PBXFileReference; lastKnownFileType = sourcecode.swift; path = FavoriteButton.swift; sourceTree = "<group>"; };
		4C9EFA7B2A0DB489004B5DC2 /* HexagonParameters.swift */ = {isa = PBXFileReference; lastKnownFileType = sourcecode.swift; path = HexagonParameters.swift; sourceTree = "<group>"; };
		4C9EFA7D2A0DB60E004B5DC2 /* BadgeBackground.swift */ = {isa = PBXFileReference; lastKnownFileType = sourcecode.swift; path = BadgeBackground.swift; sourceTree = "<group>"; };
		4C9EFA7F2A0DBE39004B5DC2 /* BadgeSymbol.swift */ = {isa = PBXFileReference; lastKnownFileType = sourcecode.swift; path = BadgeSymbol.swift; sourceTree = "<group>"; };
		4C9EFA812A0DBEA5004B5DC2 /* RotatedBadgeSymbol.swift */ = {isa = PBXFileReference; lastKnownFileType = sourcecode.swift; path = RotatedBadgeSymbol.swift; sourceTree = "<group>"; };
		4C9EFA832A0DBF00004B5DC2 /* Badge.swift */ = {isa = PBXFileReference; lastKnownFileType = sourcecode.swift; path = Badge.swift; sourceTree = "<group>"; };
		4C9EFA862A0DC03F004B5DC2 /* hikeData.json */ = {isa = PBXFileReference; fileEncoding = 4; lastKnownFileType = text.json; path = hikeData.json; sourceTree = "<group>"; };
		4C9EFA892A0DC076004B5DC2 /* Hike.swift */ = {isa = PBXFileReference; lastKnownFileType = sourcecode.swift; path = Hike.swift; sourceTree = "<group>"; };
		4C9EFA8E2A0DC14E004B5DC2 /* GraphCapsule.swift */ = {isa = PBXFileReference; fileEncoding = 4; lastKnownFileType = sourcecode.swift; path = GraphCapsule.swift; sourceTree = "<group>"; };
		4C9EFA8F2A0DC14E004B5DC2 /* HikeGraph.swift */ = {isa = PBXFileReference; fileEncoding = 4; lastKnownFileType = sourcecode.swift; path = HikeGraph.swift; sourceTree = "<group>"; };
		4C9EFA902A0DC14E004B5DC2 /* HikeDetail.swift */ = {isa = PBXFileReference; fileEncoding = 4; lastKnownFileType = sourcecode.swift; path = HikeDetail.swift; sourceTree = "<group>"; };
		4C9EFA912A0DC14E004B5DC2 /* HikeView.swift */ = {isa = PBXFileReference; fileEncoding = 4; lastKnownFileType = sourcecode.swift; path = HikeView.swift; sourceTree = "<group>"; };
		4C9EFA962A0DCB0B004B5DC2 /* CategoryHome.swift */ = {isa = PBXFileReference; lastKnownFileType = sourcecode.swift; path = CategoryHome.swift; sourceTree = "<group>"; };
		4C9EFA992A0F76AE004B5DC2 /* CategoryRow.swift */ = {isa = PBXFileReference; lastKnownFileType = sourcecode.swift; path = CategoryRow.swift; sourceTree = "<group>"; };
		4C9EFA9B2A0F7793004B5DC2 /* CategoryItem.swift */ = {isa = PBXFileReference; lastKnownFileType = sourcecode.swift; path = CategoryItem.swift; sourceTree = "<group>"; };
		95081651294CB9F100E350BE /* Landmarks.app */ = {isa = PBXFileReference; explicitFileType = wrapper.application; includeInIndex = 0; path = Landmarks.app; sourceTree = BUILT_PRODUCTS_DIR; };
		95081654294CB9F100E350BE /* LandmarksApp.swift */ = {isa = PBXFileReference; lastKnownFileType = sourcecode.swift; path = LandmarksApp.swift; sourceTree = "<group>"; };
		95081656294CB9F100E350BE /* ContentView.swift */ = {isa = PBXFileReference; lastKnownFileType = sourcecode.swift; path = ContentView.swift; sourceTree = "<group>"; };
		95081658294CB9F300E350BE /* Assets.xcassets */ = {isa = PBXFileReference; lastKnownFileType = folder.assetcatalog; path = Assets.xcassets; sourceTree = "<group>"; };
		9508165B294CB9F300E350BE /* Preview Assets.xcassets */ = {isa = PBXFileReference; lastKnownFileType = folder.assetcatalog; path = "Preview Assets.xcassets"; sourceTree = "<group>"; };
		956152A8294CBDA700D857A1 /* CircleImage.swift */ = {isa = PBXFileReference; lastKnownFileType = sourcecode.swift; path = CircleImage.swift; sourceTree = "<group>"; };
		956152AA294CBE7700D857A1 /* MapView.swift */ = {isa = PBXFileReference; lastKnownFileType = sourcecode.swift; path = MapView.swift; sourceTree = "<group>"; };
		956152AC294CC61300D857A1 /* landmarkData.json */ = {isa = PBXFileReference; fileEncoding = 4; lastKnownFileType = text.json; path = landmarkData.json; sourceTree = "<group>"; };
		956152AE294CC62A00D857A1 /* Landmark.swift */ = {isa = PBXFileReference; lastKnownFileType = sourcecode.swift; path = Landmark.swift; sourceTree = "<group>"; };
		956152B0294CC76500D857A1 /* hiddenlake@2x.jpg */ = {isa = PBXFileReference; lastKnownFileType = image.jpeg; path = "hiddenlake@2x.jpg"; sourceTree = "<group>"; };
		956152B1294CC76600D857A1 /* rainbowlake@2x.jpg */ = {isa = PBXFileReference; lastKnownFileType = image.jpeg; path = "rainbowlake@2x.jpg"; sourceTree = "<group>"; };
		956152B2294CC76600D857A1 /* icybay@2x.jpg */ = {isa = PBXFileReference; lastKnownFileType = image.jpeg; path = "icybay@2x.jpg"; sourceTree = "<group>"; };
		956152B3294CC76600D857A1 /* stmarylake@2x.jpg */ = {isa = PBXFileReference; lastKnownFileType = image.jpeg; path = "stmarylake@2x.jpg"; sourceTree = "<group>"; };
		956152B4294CC76600D857A1 /* twinlake@2x.jpg */ = {isa = PBXFileReference; lastKnownFileType = image.jpeg; path = "twinlake@2x.jpg"; sourceTree = "<group>"; };
		956152B5294CC76600D857A1 /* chincoteague@2x.jpg */ = {isa = PBXFileReference; lastKnownFileType = image.jpeg; path = "chincoteague@2x.jpg"; sourceTree = "<group>"; };
		956152B6294CC76700D857A1 /* lakemcdonald@2x.jpg */ = {isa = PBXFileReference; lastKnownFileType = image.jpeg; path = "lakemcdonald@2x.jpg"; sourceTree = "<group>"; };
		956152B7294CC76700D857A1 /* silversalmoncreek@2x.jpg */ = {isa = PBXFileReference; lastKnownFileType = image.jpeg; path = "silversalmoncreek@2x.jpg"; sourceTree = "<group>"; };
		956152B8294CC76700D857A1 /* chilkoottrail@2x.jpg */ = {isa = PBXFileReference; lastKnownFileType = image.jpeg; path = "chilkoottrail@2x.jpg"; sourceTree = "<group>"; };
		956152B9294CC76700D857A1 /* umbagog@2x.jpg */ = {isa = PBXFileReference; lastKnownFileType = image.jpeg; path = "umbagog@2x.jpg"; sourceTree = "<group>"; };
		956152BA294CC76800D857A1 /* charleyrivers@2x.jpg */ = {isa = PBXFileReference; lastKnownFileType = image.jpeg; path = "charleyrivers@2x.jpg"; sourceTree = "<group>"; };
		956152C6294CC96700D857A1 /* ModelData.swift */ = {isa = PBXFileReference; lastKnownFileType = sourcecode.swift; path = ModelData.swift; sourceTree = "<group>"; };
		956152CB294CCC3900D857A1 /* LandmarkRow.swift */ = {isa = PBXFileReference; lastKnownFileType = sourcecode.swift; path = LandmarkRow.swift; sourceTree = "<group>"; };
		959D9292294D701600C19CEC /* LandmarkList.swift */ = {isa = PBXFileReference; lastKnownFileType = sourcecode.swift; path = LandmarkList.swift; sourceTree = "<group>"; };
		959D9294294D71ED00C19CEC /* LandmarkDetail.swift */ = {isa = PBXFileReference; lastKnownFileType = sourcecode.swift; path = LandmarkDetail.swift; sourceTree = "<group>"; };
/* End PBXFileReference section */

/* Begin PBXFrameworksBuildPhase section */
		9508164E294CB9F100E350BE /* Frameworks */ = {
			isa = PBXFrameworksBuildPhase;
			buildActionMask = 2147483647;
			files = (
			);
			runOnlyForDeploymentPostprocessing = 0;
		};
/* End PBXFrameworksBuildPhase section */

/* Begin PBXGroup section */
		4C9EFA792A0DB1BC004B5DC2 /* Helpers */ = {
			isa = PBXGroup;
			children = (
				4C9EFA772A0DAFF2004B5DC2 /* FavoriteButton.swift */,
				956152AA294CBE7700D857A1 /* MapView.swift */,
				956152A8294CBDA700D857A1 /* CircleImage.swift */,
			);
			path = Helpers;
			sourceTree = "<group>";
		};
		4C9EFA7A2A0DB1E6004B5DC2 /* Views */ = {
			isa = PBXGroup;
			children = (
				95081656294CB9F100E350BE /* ContentView.swift */,
			);
			path = Views;
			sourceTree = "<group>";
		};
		4C9EFA852A0DBFB6004B5DC2 /* Badges */ = {
			isa = PBXGroup;
			children = (
				4C9EFA7D2A0DB60E004B5DC2 /* BadgeBackground.swift */,
				4C9EFA7B2A0DB489004B5DC2 /* HexagonParameters.swift */,
				4C9EFA7F2A0DBE39004B5DC2 /* BadgeSymbol.swift */,
				4C9EFA812A0DBEA5004B5DC2 /* RotatedBadgeSymbol.swift */,
				4C9EFA832A0DBF00004B5DC2 /* Badge.swift */,
			);
			path = Badges;
			sourceTree = "<group>";
		};
		4C9EFA882A0DC05E004B5DC2 /* Hike */ = {
			isa = PBXGroup;
			children = (
				4C9EFA892A0DC076004B5DC2 /* Hike.swift */,
				4C9EFA8D2A0DC14E004B5DC2 /* Hikes */,
			);
			path = Hike;
			sourceTree = "<group>";
		};
		4C9EFA8D2A0DC14E004B5DC2 /* Hikes */ = {
			isa = PBXGroup;
			children = (
				4C9EFA8E2A0DC14E004B5DC2 /* GraphCapsule.swift */,
				4C9EFA8F2A0DC14E004B5DC2 /* HikeGraph.swift */,
				4C9EFA902A0DC14E004B5DC2 /* HikeDetail.swift */,
				4C9EFA912A0DC14E004B5DC2 /* HikeView.swift */,
			);
			path = Hikes;
			sourceTree = "<group>";
		};
		4C9EFA982A0DCB42004B5DC2 /* Categories */ = {
			isa = PBXGroup;
			children = (
				4C9EFA962A0DCB0B004B5DC2 /* CategoryHome.swift */,
				4C9EFA992A0F76AE004B5DC2 /* CategoryRow.swift */,
				4C9EFA9B2A0F7793004B5DC2 /* CategoryItem.swift */,
			);
			path = Categories;
			sourceTree = "<group>";
		};
		95081648294CB9F100E350BE = {
			isa = PBXGroup;
			children = (
				95081653294CB9F100E350BE /* Landmarks */,
				95081652294CB9F100E350BE /* Products */,
			);
			sourceTree = "<group>";
		};
		95081652294CB9F100E350BE /* Products */ = {
			isa = PBXGroup;
			children = (
				95081651294CB9F100E350BE /* Landmarks.app */,
			);
			name = Products;
			sourceTree = "<group>";
		};
		95081653294CB9F100E350BE /* Landmarks */ = {
			isa = PBXGroup;
			children = (
				4C9EFA982A0DCB42004B5DC2 /* Categories */,
				95081654294CB9F100E350BE /* LandmarksApp.swift */,
				4C9EFA882A0DC05E004B5DC2 /* Hike */,
				4C9EFA852A0DBFB6004B5DC2 /* Badges */,
				4C9EFA7A2A0DB1E6004B5DC2 /* Views */,
				4C9EFA792A0DB1BC004B5DC2 /* Helpers */,
				956152C8294CCB7E00D857A1 /* Landmarks */,
				956152C9294CCBAD00D857A1 /* Model */,
				95081658294CB9F300E350BE /* Assets.xcassets */,
				956152CA294CCBD900D857A1 /* Resources */,
				9508165A294CB9F300E350BE /* Preview Content */,
			);
			path = Landmarks;
			sourceTree = "<group>";
		};
		9508165A294CB9F300E350BE /* Preview Content */ = {
			isa = PBXGroup;
			children = (
				956152BA294CC76800D857A1 /* charleyrivers@2x.jpg */,
				956152B8294CC76700D857A1 /* chilkoottrail@2x.jpg */,
				956152B5294CC76600D857A1 /* chincoteague@2x.jpg */,
				956152B0294CC76500D857A1 /* hiddenlake@2x.jpg */,
				956152B2294CC76600D857A1 /* icybay@2x.jpg */,
				956152B6294CC76700D857A1 /* lakemcdonald@2x.jpg */,
				956152B1294CC76600D857A1 /* rainbowlake@2x.jpg */,
				956152B7294CC76700D857A1 /* silversalmoncreek@2x.jpg */,
				956152B3294CC76600D857A1 /* stmarylake@2x.jpg */,
				956152B4294CC76600D857A1 /* twinlake@2x.jpg */,
				956152B9294CC76700D857A1 /* umbagog@2x.jpg */,
				9508165B294CB9F300E350BE /* Preview Assets.xcassets */,
			);
			path = "Preview Content";
			sourceTree = "<group>";
		};
		956152C8294CCB7E00D857A1 /* Landmarks */ = {
			isa = PBXGroup;
			children = (
				959D9294294D71ED00C19CEC /* LandmarkDetail.swift */,
				956152CB294CCC3900D857A1 /* LandmarkRow.swift */,
				959D9292294D701600C19CEC /* LandmarkList.swift */,
			);
			path = Landmarks;
			sourceTree = "<group>";
		};
		956152C9294CCBAD00D857A1 /* Model */ = {
			isa = PBXGroup;
			children = (
				956152C6294CC96700D857A1 /* ModelData.swift */,
				956152AE294CC62A00D857A1 /* Landmark.swift */,
			);
			path = Model;
			sourceTree = "<group>";
		};
		956152CA294CCBD900D857A1 /* Resources */ = {
			isa = PBXGroup;
			children = (
				4C9EFA862A0DC03F004B5DC2 /* hikeData.json */,
				956152AC294CC61300D857A1 /* landmarkData.json */,
			);
			path = Resources;
			sourceTree = "<group>";
		};
/* End PBXGroup section */

/* Begin PBXNativeTarget section */
		95081650294CB9F100E350BE /* Landmarks */ = {
			isa = PBXNativeTarget;
			buildConfigurationList = 9508165F294CB9F300E350BE /* Build configuration list for PBXNativeTarget "Landmarks" */;
			buildPhases = (
				9508164D294CB9F100E350BE /* Sources */,
				9508164E294CB9F100E350BE /* Frameworks */,
				9508164F294CB9F100E350BE /* Resources */,
			);
			buildRules = (
			);
			dependencies = (
			);
			name = Landmarks;
			productName = Landmarks;
			productReference = 95081651294CB9F100E350BE /* Landmarks.app */;
			productType = "com.apple.product-type.application";
		};
/* End PBXNativeTarget section */

/* Begin PBXProject section */
		95081649294CB9F100E350BE /* Project object */ = {
			isa = PBXProject;
			attributes = {
				BuildIndependentTargetsInParallel = 1;
				LastSwiftUpdateCheck = 1410;
				LastUpgradeCheck = 1410;
				TargetAttributes = {
					95081650294CB9F100E350BE = {
						CreatedOnToolsVersion = 14.1;
					};
				};
			};
			buildConfigurationList = 9508164C294CB9F100E350BE /* Build configuration list for PBXProject "Landmarks" */;
			compatibilityVersion = "Xcode 14.0";
			developmentRegion = en;
			hasScannedForEncodings = 0;
			knownRegions = (
				en,
				Base,
			);
			mainGroup = 95081648294CB9F100E350BE;
			productRefGroup = 95081652294CB9F100E350BE /* Products */;
			projectDirPath = "";
			projectRoot = "";
			targets = (
				95081650294CB9F100E350BE /* Landmarks */,
			);
		};
/* End PBXProject section */

/* Begin PBXResourcesBuildPhase section */
		9508164F294CB9F100E350BE /* Resources */ = {
			isa = PBXResourcesBuildPhase;
			buildActionMask = 2147483647;
			files = (
				956152BC294CC76800D857A1 /* rainbowlake@2x.jpg in Resources */,
				9508165C294CB9F300E350BE /* Preview Assets.xcassets in Resources */,
				956152C0294CC76800D857A1 /* chincoteague@2x.jpg in Resources */,
				956152C2294CC76800D857A1 /* silversalmoncreek@2x.jpg in Resources */,
				4C9EFA872A0DC03F004B5DC2 /* hikeData.json in Resources */,
				95081659294CB9F300E350BE /* Assets.xcassets in Resources */,
				956152AD294CC61300D857A1 /* landmarkData.json in Resources */,
				956152C3294CC76800D857A1 /* chilkoottrail@2x.jpg in Resources */,
				956152BB294CC76800D857A1 /* hiddenlake@2x.jpg in Resources */,
				956152C4294CC76800D857A1 /* umbagog@2x.jpg in Resources */,
				956152BE294CC76800D857A1 /* stmarylake@2x.jpg in Resources */,
				956152C1294CC76800D857A1 /* lakemcdonald@2x.jpg in Resources */,
				956152BD294CC76800D857A1 /* icybay@2x.jpg in Resources */,
				956152C5294CC76800D857A1 /* charleyrivers@2x.jpg in Resources */,
				956152BF294CC76800D857A1 /* twinlake@2x.jpg in Resources */,
			);
			runOnlyForDeploymentPostprocessing = 0;
		};
/* End PBXResourcesBuildPhase section */

/* Begin PBXSourcesBuildPhase section */
		9508164D294CB9F100E350BE /* Sources */ = {
			isa = PBXSourcesBuildPhase;
			buildActionMask = 2147483647;
			files = (
				4C9EFA9A2A0F76AE004B5DC2 /* CategoryRow.swift in Sources */,
				95081657294CB9F100E350BE /* ContentView.swift in Sources */,
				4C9EFA972A0DCB0B004B5DC2 /* CategoryHome.swift in Sources */,
				4C9EFA932A0DC14E004B5DC2 /* HikeGraph.swift in Sources */,
				4C9EFA842A0DBF00004B5DC2 /* Badge.swift in Sources */,
				956152AB294CBE7700D857A1 /* MapView.swift in Sources */,
				4C9EFA922A0DC14E004B5DC2 /* GraphCapsule.swift in Sources */,
				4C9EFA802A0DBE3A004B5DC2 /* BadgeSymbol.swift in Sources */,
				95081655294CB9F100E350BE /* LandmarksApp.swift in Sources */,
				4C9EFA9C2A0F7793004B5DC2 /* CategoryItem.swift in Sources */,
				4C9EFA942A0DC14E004B5DC2 /* HikeDetail.swift in Sources */,
				4C9EFA782A0DAFF2004B5DC2 /* FavoriteButton.swift in Sources */,
				4C9EFA8A2A0DC076004B5DC2 /* Hike.swift in Sources */,
				4C9EFA822A0DBEA5004B5DC2 /* RotatedBadgeSymbol.swift in Sources */,
				4C9EFA7C2A0DB489004B5DC2 /* HexagonParameters.swift in Sources */,
				959D9293294D701600C19CEC /* LandmarkList.swift in Sources */,
				4C9EFA952A0DC14E004B5DC2 /* HikeView.swift in Sources */,
				959D9295294D71ED00C19CEC /* LandmarkDetail.swift in Sources */,
				4C9EFA7E2A0DB60E004B5DC2 /* BadgeBackground.swift in Sources */,
				956152A9294CBDA700D857A1 /* CircleImage.swift in Sources */,
				956152AF294CC62A00D857A1 /* Landmark.swift in Sources */,
				956152CC294CCC3900D857A1 /* LandmarkRow.swift in Sources */,
				956152C7294CC96700D857A1 /* ModelData.swift in Sources */,
			);
			runOnlyForDeploymentPostprocessing = 0;
		};
/* End PBXSourcesBuildPhase section */

/* Begin XCBuildConfiguration section */
		9508165D294CB9F300E350BE /* Debug */ = {
			isa = XCBuildConfiguration;
			buildSettings = {
				ALWAYS_SEARCH_USER_PATHS = NO;
				CLANG_ANALYZER_NONNULL = YES;
				CLANG_ANALYZER_NUMBER_OBJECT_CONVERSION = YES_AGGRESSIVE;
				CLANG_CXX_LANGUAGE_STANDARD = "gnu++20";
				CLANG_ENABLE_MODULES = YES;
				CLANG_ENABLE_OBJC_ARC = YES;
				CLANG_ENABLE_OBJC_WEAK = YES;
				CLANG_WARN_BLOCK_CAPTURE_AUTORELEASING = YES;
				CLANG_WARN_BOOL_CONVERSION = YES;
				CLANG_WARN_COMMA = YES;
				CLANG_WARN_CONSTANT_CONVERSION = YES;
				CLANG_WARN_DEPRECATED_OBJC_IMPLEMENTATIONS = YES;
				CLANG_WARN_DIRECT_OBJC_ISA_USAGE = YES_ERROR;
				CLANG_WARN_DOCUMENTATION_COMMENTS = YES;
				CLANG_WARN_EMPTY_BODY = YES;
				CLANG_WARN_ENUM_CONVERSION = YES;
				CLANG_WARN_INFINITE_RECURSION = YES;
				CLANG_WARN_INT_CONVERSION = YES;
				CLANG_WARN_NON_LITERAL_NULL_CONVERSION = YES;
				CLANG_WARN_OBJC_IMPLICIT_RETAIN_SELF = YES;
				CLANG_WARN_OBJC_LITERAL_CONVERSION = YES;
				CLANG_WARN_OBJC_ROOT_CLASS = YES_ERROR;
				CLANG_WARN_QUOTED_INCLUDE_IN_FRAMEWORK_HEADER = YES;
				CLANG_WARN_RANGE_LOOP_ANALYSIS = YES;
				CLANG_WARN_STRICT_PROTOTYPES = YES;
				CLANG_WARN_SUSPICIOUS_MOVE = YES;
				CLANG_WARN_UNGUARDED_AVAILABILITY = YES_AGGRESSIVE;
				CLANG_WARN_UNREACHABLE_CODE = YES;
				CLANG_WARN__DUPLICATE_METHOD_MATCH = YES;
				COPY_PHASE_STRIP = NO;
				DEBUG_INFORMATION_FORMAT = dwarf;
				ENABLE_STRICT_OBJC_MSGSEND = YES;
				ENABLE_TESTABILITY = YES;
				GCC_C_LANGUAGE_STANDARD = gnu11;
				GCC_DYNAMIC_NO_PIC = NO;
				GCC_NO_COMMON_BLOCKS = YES;
				GCC_OPTIMIZATION_LEVEL = 0;
				GCC_PREPROCESSOR_DEFINITIONS = (
					"DEBUG=1",
					"$(inherited)",
				);
				GCC_WARN_64_TO_32_BIT_CONVERSION = YES;
				GCC_WARN_ABOUT_RETURN_TYPE = YES_ERROR;
				GCC_WARN_UNDECLARED_SELECTOR = YES;
				GCC_WARN_UNINITIALIZED_AUTOS = YES_AGGRESSIVE;
				GCC_WARN_UNUSED_FUNCTION = YES;
				GCC_WARN_UNUSED_VARIABLE = YES;
				IPHONEOS_DEPLOYMENT_TARGET = 16.1;
				MTL_ENABLE_DEBUG_INFO = INCLUDE_SOURCE;
				MTL_FAST_MATH = YES;
				ONLY_ACTIVE_ARCH = YES;
				SDKROOT = iphoneos;
				SWIFT_ACTIVE_COMPILATION_CONDITIONS = DEBUG;
				SWIFT_OPTIMIZATION_LEVEL = "-Onone";
			};
			name = Debug;
		};
		9508165E294CB9F300E350BE /* Release */ = {
			isa = XCBuildConfiguration;
			buildSettings = {
				ALWAYS_SEARCH_USER_PATHS = NO;
				CLANG_ANALYZER_NONNULL = YES;
				CLANG_ANALYZER_NUMBER_OBJECT_CONVERSION = YES_AGGRESSIVE;
				CLANG_CXX_LANGUAGE_STANDARD = "gnu++20";
				CLANG_ENABLE_MODULES = YES;
				CLANG_ENABLE_OBJC_ARC = YES;
				CLANG_ENABLE_OBJC_WEAK = YES;
				CLANG_WARN_BLOCK_CAPTURE_AUTORELEASING = YES;
				CLANG_WARN_BOOL_CONVERSION = YES;
				CLANG_WARN_COMMA = YES;
				CLANG_WARN_CONSTANT_CONVERSION = YES;
				CLANG_WARN_DEPRECATED_OBJC_IMPLEMENTATIONS = YES;
				CLANG_WARN_DIRECT_OBJC_ISA_USAGE = YES_ERROR;
				CLANG_WARN_DOCUMENTATION_COMMENTS = YES;
				CLANG_WARN_EMPTY_BODY = YES;
				CLANG_WARN_ENUM_CONVERSION = YES;
				CLANG_WARN_INFINITE_RECURSION = YES;
				CLANG_WARN_INT_CONVERSION = YES;
				CLANG_WARN_NON_LITERAL_NULL_CONVERSION = YES;
				CLANG_WARN_OBJC_IMPLICIT_RETAIN_SELF = YES;
				CLANG_WARN_OBJC_LITERAL_CONVERSION = YES;
				CLANG_WARN_OBJC_ROOT_CLASS = YES_ERROR;
				CLANG_WARN_QUOTED_INCLUDE_IN_FRAMEWORK_HEADER = YES;
				CLANG_WARN_RANGE_LOOP_ANALYSIS = YES;
				CLANG_WARN_STRICT_PROTOTYPES = YES;
				CLANG_WARN_SUSPICIOUS_MOVE = YES;
				CLANG_WARN_UNGUARDED_AVAILABILITY = YES_AGGRESSIVE;
				CLANG_WARN_UNREACHABLE_CODE = YES;
				CLANG_WARN__DUPLICATE_METHOD_MATCH = YES;
				COPY_PHASE_STRIP = NO;
				DEBUG_INFORMATION_FORMAT = "dwarf-with-dsym";
				ENABLE_NS_ASSERTIONS = NO;
				ENABLE_STRICT_OBJC_MSGSEND = YES;
				GCC_C_LANGUAGE_STANDARD = gnu11;
				GCC_NO_COMMON_BLOCKS = YES;
				GCC_WARN_64_TO_32_BIT_CONVERSION = YES;
				GCC_WARN_ABOUT_RETURN_TYPE = YES_ERROR;
				GCC_WARN_UNDECLARED_SELECTOR = YES;
				GCC_WARN_UNINITIALIZED_AUTOS = YES_AGGRESSIVE;
				GCC_WARN_UNUSED_FUNCTION = YES;
				GCC_WARN_UNUSED_VARIABLE = YES;
				IPHONEOS_DEPLOYMENT_TARGET = 16.1;
				MTL_ENABLE_DEBUG_INFO = NO;
				MTL_FAST_MATH = YES;
				SDKROOT = iphoneos;
				SWIFT_COMPILATION_MODE = wholemodule;
				SWIFT_OPTIMIZATION_LEVEL = "-O";
				VALIDATE_PRODUCT = YES;
			};
			name = Release;
		};
		95081660294CB9F300E350BE /* Debug */ = {
			isa = XCBuildConfiguration;
			buildSettings = {
				ASSETCATALOG_COMPILER_APPICON_NAME = AppIcon;
				ASSETCATALOG_COMPILER_GLOBAL_ACCENT_COLOR_NAME = AccentColor;
				CODE_SIGN_STYLE = Automatic;
				CURRENT_PROJECT_VERSION = 1;
				DEVELOPMENT_ASSET_PATHS = "\"Landmarks/Preview Content\"";
				DEVELOPMENT_TEAM = GHALQMBJDJ;
				ENABLE_PREVIEWS = YES;
				GENERATE_INFOPLIST_FILE = YES;
				INFOPLIST_KEY_UIApplicationSceneManifest_Generation = YES;
				INFOPLIST_KEY_UIApplicationSupportsIndirectInputEvents = YES;
				INFOPLIST_KEY_UILaunchScreen_Generation = YES;
				INFOPLIST_KEY_UISupportedInterfaceOrientations_iPad = "UIInterfaceOrientationPortrait UIInterfaceOrientationPortraitUpsideDown UIInterfaceOrientationLandscapeLeft UIInterfaceOrientationLandscapeRight";
				INFOPLIST_KEY_UISupportedInterfaceOrientations_iPhone = "UIInterfaceOrientationPortrait UIInterfaceOrientationLandscapeLeft UIInterfaceOrientationLandscapeRight";
				LD_RUNPATH_SEARCH_PATHS = (
					"$(inherited)",
					"@executable_path/Frameworks",
				);
				MARKETING_VERSION = 1.0;
				PRODUCT_BUNDLE_IDENTIFIER = "com.example.apple-samplecode.Landmarks";
				PRODUCT_NAME = "$(TARGET_NAME)";
				SWIFT_EMIT_LOC_STRINGS = YES;
				SWIFT_VERSION = 5.0;
				TARGETED_DEVICE_FAMILY = "1,2";
			};
			name = Debug;
		};
		95081661294CB9F300E350BE /* Release */ = {
			isa = XCBuildConfiguration;
			buildSettings = {
				ASSETCATALOG_COMPILER_APPICON_NAME = AppIcon;
				ASSETCATALOG_COMPILER_GLOBAL_ACCENT_COLOR_NAME = AccentColor;
				CODE_SIGN_STYLE = Automatic;
				CURRENT_PROJECT_VERSION = 1;
				DEVELOPMENT_ASSET_PATHS = "\"Landmarks/Preview Content\"";
				DEVELOPMENT_TEAM = GHALQMBJDJ;
				ENABLE_PREVIEWS = YES;
				GENERATE_INFOPLIST_FILE = YES;
				INFOPLIST_KEY_UIApplicationSceneManifest_Generation = YES;
				INFOPLIST_KEY_UIApplicationSupportsIndirectInputEvents = YES;
				INFOPLIST_KEY_UILaunchScreen_Generation = YES;
				INFOPLIST_KEY_UISupportedInterfaceOrientations_iPad = "UIInterfaceOrientationPortrait UIInterfaceOrientationPortraitUpsideDown UIInterfaceOrientationLandscapeLeft UIInterfaceOrientationLandscapeRight";
				INFOPLIST_KEY_UISupportedInterfaceOrientations_iPhone = "UIInterfaceOrientationPortrait UIInterfaceOrientationLandscapeLeft UIInterfaceOrientationLandscapeRight";
				LD_RUNPATH_SEARCH_PATHS = (
					"$(inherited)",
					"@executable_path/Frameworks",
				);
				MARKETING_VERSION = 1.0;
				PRODUCT_BUNDLE_IDENTIFIER = "com.example.apple-samplecode.Landmarks";
				PRODUCT_NAME = "$(TARGET_NAME)";
				SWIFT_EMIT_LOC_STRINGS = YES;
				SWIFT_VERSION = 5.0;
				TARGETED_DEVICE_FAMILY = "1,2";
			};
			name = Release;
		};
/* End XCBuildConfiguration section */

/* Begin XCConfigurationList section */
		9508164C294CB9F100E350BE /* Build configuration list for PBXProject "Landmarks" */ = {
			isa = XCConfigurationList;
			buildConfigurations = (
				9508165D294CB9F300E350BE /* Debug */,
				9508165E294CB9F300E350BE /* Release */,
			);
			defaultConfigurationIsVisible = 0;
			defaultConfigurationName = Release;
		};
		9508165F294CB9F300E350BE /* Build configuration list for PBXNativeTarget "Landmarks" */ = {
			isa = XCConfigurationList;
			buildConfigurations = (
				95081660294CB9F300E350BE /* Debug */,
				95081661294CB9F300E350BE /* Release */,
			);
			defaultConfigurationIsVisible = 0;
			defaultConfigurationName = Release;
		};
/* End XCConfigurationList section */
	};
	rootObject = 95081649294CB9F100E350BE /* Project object */;
}
